
Microsoft Visual Studio Solution File, Format Version 12.00
# Visual Studio 15
VisualStudioVersion = 15.0.26124.0
MinimumVisualStudioVersion = 15.0.26124.0
Project("{2150E333-8FDC-42A3-9474-1A3956D46DE8}") = "src", "src", "{1735FFC3-4130-430A-9307-00131CBC007F}"
EndProject
Project("{2150E333-8FDC-42A3-9474-1A3956D46DE8}") = "Domain", "Domain", "{F785392D-2D60-4161-88CA-DF9CA3C59453}"
EndProject
Project("{FAE04EC0-301F-11D3-BF4B-00C04F79EFBC}") = "Contract", "src\Domain\Contract\Contract.csproj", "{E10295BD-8A0E-4332-8B12-91D81BDB8DEE}"
EndProject
Project("{FAE04EC0-301F-11D3-BF4B-00C04F79EFBC}") = "Portfolio", "src\Domain\Portfolio\Portfolio.csproj", "{9CC0D70A-A50D-4BEE-A899-3375849AA007}"
EndProject
Project("{FAE04EC0-301F-11D3-BF4B-00C04F79EFBC}") = "Portfolio.Console", "src\Portfolio.Console\Portfolio.Console.csproj", "{9E7EA2A6-5B4C-43F8-9316-EB07B8133AEC}"
EndProject
Project("{FAE04EC0-301F-11D3-BF4B-00C04F79EFBC}") = "Portfolio.FileSystem", "src\Portfolio.FileSystem\Portfolio.FileSystem.csproj", "{4B3F0DE0-42F1-470D-A13B-B2068B9DC433}"
EndProject
Project("{FAE04EC0-301F-11D3-BF4B-00C04F79EFBC}") = "PortfolioApp", "src\PortfolioApp\PortfolioApp.csproj", "{C0A114E1-C343-4BB9-8372-21A661725E42}"
EndProject
Project("{FAE04EC0-301F-11D3-BF4B-00C04F79EFBC}") = "Questrade", "src\Questrade\Questrade.csproj", "{AE7DAB0C-5604-4185-B425-327150CE2B1C}"
EndProject
Project("{2150E333-8FDC-42A3-9474-1A3956D46DE8}") = "test", "test", "{09642C4C-3686-407B-B152-BE5AD9CCC616}"
EndProject
Project("{FAE04EC0-301F-11D3-BF4B-00C04F79EFBC}") = "Domain.Contract.UnitTest", "test\Domain.Contract.UnitTest\Domain.Contract.UnitTest.csproj", "{396D55E2-1E4A-491C-8CB1-27FF517FFF12}"
EndProject
Project("{FAE04EC0-301F-11D3-BF4B-00C04F79EFBC}") = "PortfolioApp.UnitTest", "test\PortfolioApp.UnitTest\PortfolioApp.UnitTest.csproj", "{325F850A-27FF-4CEC-AFD0-5BD789A3E865}"
EndProject
Global
	GlobalSection(SolutionConfigurationPlatforms) = preSolution
		Debug|Any CPU = Debug|Any CPU
		Debug|x64 = Debug|x64
		Debug|x86 = Debug|x86
		Release|Any CPU = Release|Any CPU
		Release|x64 = Release|x64
		Release|x86 = Release|x86
	EndGlobalSection
	GlobalSection(SolutionProperties) = preSolution
		HideSolutionNode = FALSE
	EndGlobalSection
	GlobalSection(ProjectConfigurationPlatforms) = postSolution
		{E10295BD-8A0E-4332-8B12-91D81BDB8DEE}.Debug|Any CPU.ActiveCfg = Debug|Any CPU
		{E10295BD-8A0E-4332-8B12-91D81BDB8DEE}.Debug|Any CPU.Build.0 = Debug|Any CPU
		{E10295BD-8A0E-4332-8B12-91D81BDB8DEE}.Debug|x64.ActiveCfg = Debug|Any CPU
		{E10295BD-8A0E-4332-8B12-91D81BDB8DEE}.Debug|x64.Build.0 = Debug|Any CPU
		{E10295BD-8A0E-4332-8B12-91D81BDB8DEE}.Debug|x86.ActiveCfg = Debug|Any CPU
		{E10295BD-8A0E-4332-8B12-91D81BDB8DEE}.Debug|x86.Build.0 = Debug|Any CPU
		{E10295BD-8A0E-4332-8B12-91D81BDB8DEE}.Release|Any CPU.ActiveCfg = Release|Any CPU
		{E10295BD-8A0E-4332-8B12-91D81BDB8DEE}.Release|Any CPU.Build.0 = Release|Any CPU
		{E10295BD-8A0E-4332-8B12-91D81BDB8DEE}.Release|x64.ActiveCfg = Release|Any CPU
		{E10295BD-8A0E-4332-8B12-91D81BDB8DEE}.Release|x64.Build.0 = Release|Any CPU
		{E10295BD-8A0E-4332-8B12-91D81BDB8DEE}.Release|x86.ActiveCfg = Release|Any CPU
		{E10295BD-8A0E-4332-8B12-91D81BDB8DEE}.Release|x86.Build.0 = Release|Any CPU
		{9CC0D70A-A50D-4BEE-A899-3375849AA007}.Debug|Any CPU.ActiveCfg = Debug|Any CPU
		{9CC0D70A-A50D-4BEE-A899-3375849AA007}.Debug|Any CPU.Build.0 = Debug|Any CPU
		{9CC0D70A-A50D-4BEE-A899-3375849AA007}.Debug|x64.ActiveCfg = Debug|Any CPU
		{9CC0D70A-A50D-4BEE-A899-3375849AA007}.Debug|x64.Build.0 = Debug|Any CPU
		{9CC0D70A-A50D-4BEE-A899-3375849AA007}.Debug|x86.ActiveCfg = Debug|Any CPU
		{9CC0D70A-A50D-4BEE-A899-3375849AA007}.Debug|x86.Build.0 = Debug|Any CPU
		{9CC0D70A-A50D-4BEE-A899-3375849AA007}.Release|Any CPU.ActiveCfg = Release|Any CPU
		{9CC0D70A-A50D-4BEE-A899-3375849AA007}.Release|Any CPU.Build.0 = Release|Any CPU
		{9CC0D70A-A50D-4BEE-A899-3375849AA007}.Release|x64.ActiveCfg = Release|Any CPU
		{9CC0D70A-A50D-4BEE-A899-3375849AA007}.Release|x64.Build.0 = Release|Any CPU
		{9CC0D70A-A50D-4BEE-A899-3375849AA007}.Release|x86.ActiveCfg = Release|Any CPU
		{9CC0D70A-A50D-4BEE-A899-3375849AA007}.Release|x86.Build.0 = Release|Any CPU
		{9E7EA2A6-5B4C-43F8-9316-EB07B8133AEC}.Debug|Any CPU.ActiveCfg = Debug|Any CPU
		{9E7EA2A6-5B4C-43F8-9316-EB07B8133AEC}.Debug|Any CPU.Build.0 = Debug|Any CPU
		{9E7EA2A6-5B4C-43F8-9316-EB07B8133AEC}.Debug|x64.ActiveCfg = Debug|Any CPU
		{9E7EA2A6-5B4C-43F8-9316-EB07B8133AEC}.Debug|x64.Build.0 = Debug|Any CPU
		{9E7EA2A6-5B4C-43F8-9316-EB07B8133AEC}.Debug|x86.ActiveCfg = Debug|Any CPU
		{9E7EA2A6-5B4C-43F8-9316-EB07B8133AEC}.Debug|x86.Build.0 = Debug|Any CPU
		{9E7EA2A6-5B4C-43F8-9316-EB07B8133AEC}.Release|Any CPU.ActiveCfg = Release|Any CPU
		{9E7EA2A6-5B4C-43F8-9316-EB07B8133AEC}.Release|Any CPU.Build.0 = Release|Any CPU
		{9E7EA2A6-5B4C-43F8-9316-EB07B8133AEC}.Release|x64.ActiveCfg = Release|Any CPU
		{9E7EA2A6-5B4C-43F8-9316-EB07B8133AEC}.Release|x64.Build.0 = Release|Any CPU
		{9E7EA2A6-5B4C-43F8-9316-EB07B8133AEC}.Release|x86.ActiveCfg = Release|Any CPU
		{9E7EA2A6-5B4C-43F8-9316-EB07B8133AEC}.Release|x86.Build.0 = Release|Any CPU
		{4B3F0DE0-42F1-470D-A13B-B2068B9DC433}.Debug|Any CPU.ActiveCfg = Debug|Any CPU
		{4B3F0DE0-42F1-470D-A13B-B2068B9DC433}.Debug|Any CPU.Build.0 = Debug|Any CPU
		{4B3F0DE0-42F1-470D-A13B-B2068B9DC433}.Debug|x64.ActiveCfg = Debug|Any CPU
		{4B3F0DE0-42F1-470D-A13B-B2068B9DC433}.Debug|x64.Build.0 = Debug|Any CPU
		{4B3F0DE0-42F1-470D-A13B-B2068B9DC433}.Debug|x86.ActiveCfg = Debug|Any CPU
		{4B3F0DE0-42F1-470D-A13B-B2068B9DC433}.Debug|x86.Build.0 = Debug|Any CPU
		{4B3F0DE0-42F1-470D-A13B-B2068B9DC433}.Release|Any CPU.ActiveCfg = Release|Any CPU
		{4B3F0DE0-42F1-470D-A13B-B2068B9DC433}.Release|Any CPU.Build.0 = Release|Any CPU
		{4B3F0DE0-42F1-470D-A13B-B2068B9DC433}.Release|x64.ActiveCfg = Release|Any CPU
		{4B3F0DE0-42F1-470D-A13B-B2068B9DC433}.Release|x64.Build.0 = Release|Any CPU
		{4B3F0DE0-42F1-470D-A13B-B2068B9DC433}.Release|x86.ActiveCfg = Release|Any CPU
		{4B3F0DE0-42F1-470D-A13B-B2068B9DC433}.Release|x86.Build.0 = Release|Any CPU
		{C0A114E1-C343-4BB9-8372-21A661725E42}.Debug|Any CPU.ActiveCfg = Debug|Any CPU
		{C0A114E1-C343-4BB9-8372-21A661725E42}.Debug|Any CPU.Build.0 = Debug|Any CPU
		{C0A114E1-C343-4BB9-8372-21A661725E42}.Debug|x64.ActiveCfg = Debug|Any CPU
		{C0A114E1-C343-4BB9-8372-21A661725E42}.Debug|x64.Build.0 = Debug|Any CPU
		{C0A114E1-C343-4BB9-8372-21A661725E42}.Debug|x86.ActiveCfg = Debug|Any CPU
		{C0A114E1-C343-4BB9-8372-21A661725E42}.Debug|x86.Build.0 = Debug|Any CPU
		{C0A114E1-C343-4BB9-8372-21A661725E42}.Release|Any CPU.ActiveCfg = Release|Any CPU
		{C0A114E1-C343-4BB9-8372-21A661725E42}.Release|Any CPU.Build.0 = Release|Any CPU
		{C0A114E1-C343-4BB9-8372-21A661725E42}.Release|x64.ActiveCfg = Release|Any CPU
		{C0A114E1-C343-4BB9-8372-21A661725E42}.Release|x64.Build.0 = Release|Any CPU
		{C0A114E1-C343-4BB9-8372-21A661725E42}.Release|x86.ActiveCfg = Release|Any CPU
		{C0A114E1-C343-4BB9-8372-21A661725E42}.Release|x86.Build.0 = Release|Any CPU
		{AE7DAB0C-5604-4185-B425-327150CE2B1C}.Debug|Any CPU.ActiveCfg = Debug|Any CPU
		{AE7DAB0C-5604-4185-B425-327150CE2B1C}.Debug|Any CPU.Build.0 = Debug|Any CPU
		{AE7DAB0C-5604-4185-B425-327150CE2B1C}.Debug|x64.ActiveCfg = Debug|Any CPU
		{AE7DAB0C-5604-4185-B425-327150CE2B1C}.Debug|x64.Build.0 = Debug|Any CPU
		{AE7DAB0C-5604-4185-B425-327150CE2B1C}.Debug|x86.ActiveCfg = Debug|Any CPU
		{AE7DAB0C-5604-4185-B425-327150CE2B1C}.Debug|x86.Build.0 = Debug|Any CPU
		{AE7DAB0C-5604-4185-B425-327150CE2B1C}.Release|Any CPU.ActiveCfg = Release|Any CPU
		{AE7DAB0C-5604-4185-B425-327150CE2B1C}.Release|Any CPU.Build.0 = Release|Any CPU
		{AE7DAB0C-5604-4185-B425-327150CE2B1C}.Release|x64.ActiveCfg = Release|Any CPU
		{AE7DAB0C-5604-4185-B425-327150CE2B1C}.Release|x64.Build.0 = Release|Any CPU
		{AE7DAB0C-5604-4185-B425-327150CE2B1C}.Release|x86.ActiveCfg = Release|Any CPU
		{AE7DAB0C-5604-4185-B425-327150CE2B1C}.Release|x86.Build.0 = Release|Any CPU
		{396D55E2-1E4A-491C-8CB1-27FF517FFF12}.Debug|Any CPU.ActiveCfg = Debug|Any CPU
		{396D55E2-1E4A-491C-8CB1-27FF517FFF12}.Debug|Any CPU.Build.0 = Debug|Any CPU
		{396D55E2-1E4A-491C-8CB1-27FF517FFF12}.Debug|x64.ActiveCfg = Debug|Any CPU
		{396D55E2-1E4A-491C-8CB1-27FF517FFF12}.Debug|x64.Build.0 = Debug|Any CPU
		{396D55E2-1E4A-491C-8CB1-27FF517FFF12}.Debug|x86.ActiveCfg = Debug|Any CPU
		{396D55E2-1E4A-491C-8CB1-27FF517FFF12}.Debug|x86.Build.0 = Debug|Any CPU
		{396D55E2-1E4A-491C-8CB1-27FF517FFF12}.Release|Any CPU.ActiveCfg = Release|Any CPU
		{396D55E2-1E4A-491C-8CB1-27FF517FFF12}.Release|Any CPU.Build.0 = Release|Any CPU
		{396D55E2-1E4A-491C-8CB1-27FF517FFF12}.Release|x64.ActiveCfg = Release|Any CPU
		{396D55E2-1E4A-491C-8CB1-27FF517FFF12}.Release|x64.Build.0 = Release|Any CPU
		{396D55E2-1E4A-491C-8CB1-27FF517FFF12}.Release|x86.ActiveCfg = Release|Any CPU
		{396D55E2-1E4A-491C-8CB1-27FF517FFF12}.Release|x86.Build.0 = Release|Any CPU
		{325F850A-27FF-4CEC-AFD0-5BD789A3E865}.Debug|Any CPU.ActiveCfg = Debug|Any CPU
		{325F850A-27FF-4CEC-AFD0-5BD789A3E865}.Debug|Any CPU.Build.0 = Debug|Any CPU
		{325F850A-27FF-4CEC-AFD0-5BD789A3E865}.Debug|x64.ActiveCfg = Debug|Any CPU
		{325F850A-27FF-4CEC-AFD0-5BD789A3E865}.Debug|x64.Build.0 = Debug|Any CPU
		{325F850A-27FF-4CEC-AFD0-5BD789A3E865}.Debug|x86.ActiveCfg = Debug|Any CPU
		{325F850A-27FF-4CEC-AFD0-5BD789A3E865}.Debug|x86.Build.0 = Debug|Any CPU
		{325F850A-27FF-4CEC-AFD0-5BD789A3E865}.Release|Any CPU.ActiveCfg = Release|Any CPU
		{325F850A-27FF-4CEC-AFD0-5BD789A3E865}.Release|Any CPU.Build.0 = Release|Any CPU
		{325F850A-27FF-4CEC-AFD0-5BD789A3E865}.Release|x64.ActiveCfg = Release|Any CPU
		{325F850A-27FF-4CEC-AFD0-5BD789A3E865}.Release|x64.Build.0 = Release|Any CPU
		{325F850A-27FF-4CEC-AFD0-5BD789A3E865}.Release|x86.ActiveCfg = Release|Any CPU
		{325F850A-27FF-4CEC-AFD0-5BD789A3E865}.Release|x86.Build.0 = Release|Any CPU
	EndGlobalSection
	GlobalSection(NestedProjects) = preSolution
		{F785392D-2D60-4161-88CA-DF9CA3C59453} = {1735FFC3-4130-430A-9307-00131CBC007F}
		{E10295BD-8A0E-4332-8B12-91D81BDB8DEE} = {F785392D-2D60-4161-88CA-DF9CA3C59453}
		{9CC0D70A-A50D-4BEE-A899-3375849AA007} = {F785392D-2D60-4161-88CA-DF9CA3C59453}
		{9E7EA2A6-5B4C-43F8-9316-EB07B8133AEC} = {1735FFC3-4130-430A-9307-00131CBC007F}
		{4B3F0DE0-42F1-470D-A13B-B2068B9DC433} = {1735FFC3-4130-430A-9307-00131CBC007F}
		{C0A114E1-C343-4BB9-8372-21A661725E42} = {1735FFC3-4130-430A-9307-00131CBC007F}
		{AE7DAB0C-5604-4185-B425-327150CE2B1C} = {1735FFC3-4130-430A-9307-00131CBC007F}
		{396D55E2-1E4A-491C-8CB1-27FF517FFF12} = {09642C4C-3686-407B-B152-BE5AD9CCC616}
		{325F850A-27FF-4CEC-AFD0-5BD789A3E865} = {09642C4C-3686-407B-B152-BE5AD9CCC616}
	EndGlobalSection
EndGlobal
